// !$*UTF8*$!
{
	archiveVersion = 1;
	classes = {
	};
	objectVersion = 50;
	objects = {

/* Begin PBXBuildFile section */
		74CE7C764109A71F81226975 /* Pods_Test_LoginTests.framework in Frameworks */ = {isa = PBXBuildFile; fileRef = DB0A377EEBE8E2F004A6DC76 /* Pods_Test_LoginTests.framework */; };
		9DB140AF249D99020063D098 /* AppDelegate.swift in Sources */ = {isa = PBXBuildFile; fileRef = 9DB140AE249D99020063D098 /* AppDelegate.swift */; };
		9DB140B1249D99020063D098 /* SceneDelegate.swift in Sources */ = {isa = PBXBuildFile; fileRef = 9DB140B0249D99020063D098 /* SceneDelegate.swift */; };
		9DB140B3249D99020063D098 /* ViewController.swift in Sources */ = {isa = PBXBuildFile; fileRef = 9DB140B2249D99020063D098 /* ViewController.swift */; };
		9DB140B6249D99030063D098 /* Main.storyboard in Resources */ = {isa = PBXBuildFile; fileRef = 9DB140B4249D99030063D098 /* Main.storyboard */; };
		9DB140B8249D99070063D098 /* Assets.xcassets in Resources */ = {isa = PBXBuildFile; fileRef = 9DB140B7249D99070063D098 /* Assets.xcassets */; };
		9DB140BB249D99070063D098 /* LaunchScreen.storyboard in Resources */ = {isa = PBXBuildFile; fileRef = 9DB140B9249D99070063D098 /* LaunchScreen.storyboard */; };
		9DB140C6249D99070063D098 /* Test_LoginTests.swift in Sources */ = {isa = PBXBuildFile; fileRef = 9DB140C5249D99070063D098 /* Test_LoginTests.swift */; };
		9DB140D1249D99070063D098 /* Test_LoginUITests.swift in Sources */ = {isa = PBXBuildFile; fileRef = 9DB140D0249D99070063D098 /* Test_LoginUITests.swift */; };
		9DB140DF249EE2250063D098 /* SignInViewController.swift in Sources */ = {isa = PBXBuildFile; fileRef = 9DB140DE249EE2250063D098 /* SignInViewController.swift */; };
		9DB140E1249EF0300063D098 /* RegisterUserViewController.swift in Sources */ = {isa = PBXBuildFile; fileRef = 9DB140E0249EF0300063D098 /* RegisterUserViewController.swift */; };
		9DB140E3249F4CC90063D098 /* HomePageViewController.swift in Sources */ = {isa = PBXBuildFile; fileRef = 9DB140E2249F4CC90063D098 /* HomePageViewController.swift */; };
		9DB140E524A33E590063D098 /* GoogleService-Info.plist in Resources */ = {isa = PBXBuildFile; fileRef = 9DB140E424A33E580063D098 /* GoogleService-Info.plist */; };
		A4D7E7E6BC0F0E93510E6944 /* Pods_Test_Login_Test_LoginUITests.framework in Frameworks */ = {isa = PBXBuildFile; fileRef = E89E26B7721F714F533C1B6F /* Pods_Test_Login_Test_LoginUITests.framework */; };
		C392EC5293955F2FC7FF9CC1 /* Pods_Test_Login.framework in Frameworks */ = {isa = PBXBuildFile; fileRef = 608FA6071B28CE6BE1CDE9E8 /* Pods_Test_Login.framework */; };
/* End PBXBuildFile section */

/* Begin PBXContainerItemProxy section */
		9DB140C2249D99070063D098 /* PBXContainerItemProxy */ = {
			isa = PBXContainerItemProxy;
			containerPortal = 9DB140A3249D99020063D098 /* Project object */;
			proxyType = 1;
			remoteGlobalIDString = 9DB140AA249D99020063D098;
			remoteInfo = "Test Login";
		};
		9DB140CD249D99070063D098 /* PBXContainerItemProxy */ = {
			isa = PBXContainerItemProxy;
			containerPortal = 9DB140A3249D99020063D098 /* Project object */;
			proxyType = 1;
			remoteGlobalIDString = 9DB140AA249D99020063D098;
			remoteInfo = "Test Login";
		};
/* End PBXContainerItemProxy section */

/* Begin PBXFileReference section */
		2E23AE928CAACC4F62CA7A0A /* Pods-Test LoginTests.release.xcconfig */ = {isa = PBXFileReference; includeInIndex = 1; lastKnownFileType = text.xcconfig; name = "Pods-Test LoginTests.release.xcconfig"; path = "Target Support Files/Pods-Test LoginTests/Pods-Test LoginTests.release.xcconfig"; sourceTree = "<group>"; };
		608FA6071B28CE6BE1CDE9E8 /* Pods_Test_Login.framework */ = {isa = PBXFileReference; explicitFileType = wrapper.framework; includeInIndex = 0; path = Pods_Test_Login.framework; sourceTree = BUILT_PRODUCTS_DIR; };
		70771B5A5CC075E14AD3EF2E /* Pods-Test Login.debug.xcconfig */ = {isa = PBXFileReference; includeInIndex = 1; lastKnownFileType = text.xcconfig; name = "Pods-Test Login.debug.xcconfig"; path = "Target Support Files/Pods-Test Login/Pods-Test Login.debug.xcconfig"; sourceTree = "<group>"; };
		86CDB9A94F35374601D4A17F /* Pods-Test Login-Test LoginUITests.debug.xcconfig */ = {isa = PBXFileReference; includeInIndex = 1; lastKnownFileType = text.xcconfig; name = "Pods-Test Login-Test LoginUITests.debug.xcconfig"; path = "Target Support Files/Pods-Test Login-Test LoginUITests/Pods-Test Login-Test LoginUITests.debug.xcconfig"; sourceTree = "<group>"; };
		8C2110BF6E19DC797E03C2CF /* Pods-Test Login-Test LoginUITests.release.xcconfig */ = {isa = PBXFileReference; includeInIndex = 1; lastKnownFileType = text.xcconfig; name = "Pods-Test Login-Test LoginUITests.release.xcconfig"; path = "Target Support Files/Pods-Test Login-Test LoginUITests/Pods-Test Login-Test LoginUITests.release.xcconfig"; sourceTree = "<group>"; };
		9DB140AB249D99020063D098 /* Test Login.app */ = {isa = PBXFileReference; explicitFileType = wrapper.application; includeInIndex = 0; path = "Test Login.app"; sourceTree = BUILT_PRODUCTS_DIR; };
		9DB140AE249D99020063D098 /* AppDelegate.swift */ = {isa = PBXFileReference; lastKnownFileType = sourcecode.swift; path = AppDelegate.swift; sourceTree = "<group>"; };
		9DB140B0249D99020063D098 /* SceneDelegate.swift */ = {isa = PBXFileReference; lastKnownFileType = sourcecode.swift; path = SceneDelegate.swift; sourceTree = "<group>"; };
		9DB140B2249D99020063D098 /* ViewController.swift */ = {isa = PBXFileReference; lastKnownFileType = sourcecode.swift; path = ViewController.swift; sourceTree = "<group>"; };
		9DB140B5249D99030063D098 /* Base */ = {isa = PBXFileReference; lastKnownFileType = file.storyboard; name = Base; path = Base.lproj/Main.storyboard; sourceTree = "<group>"; };
		9DB140B7249D99070063D098 /* Assets.xcassets */ = {isa = PBXFileReference; lastKnownFileType = folder.assetcatalog; path = Assets.xcassets; sourceTree = "<group>"; };
		9DB140BA249D99070063D098 /* Base */ = {isa = PBXFileReference; lastKnownFileType = file.storyboard; name = Base; path = Base.lproj/LaunchScreen.storyboard; sourceTree = "<group>"; };
		9DB140BC249D99070063D098 /* Info.plist */ = {isa = PBXFileReference; lastKnownFileType = text.plist.xml; path = Info.plist; sourceTree = "<group>"; };
		9DB140C1249D99070063D098 /* Test LoginTests.xctest */ = {isa = PBXFileReference; explicitFileType = wrapper.cfbundle; includeInIndex = 0; path = "Test LoginTests.xctest"; sourceTree = BUILT_PRODUCTS_DIR; };
		9DB140C5249D99070063D098 /* Test_LoginTests.swift */ = {isa = PBXFileReference; lastKnownFileType = sourcecode.swift; path = Test_LoginTests.swift; sourceTree = "<group>"; };
		9DB140C7249D99070063D098 /* Info.plist */ = {isa = PBXFileReference; lastKnownFileType = text.plist.xml; path = Info.plist; sourceTree = "<group>"; };
		9DB140CC249D99070063D098 /* Test LoginUITests.xctest */ = {isa = PBXFileReference; explicitFileType = wrapper.cfbundle; includeInIndex = 0; path = "Test LoginUITests.xctest"; sourceTree = BUILT_PRODUCTS_DIR; };
		9DB140D0249D99070063D098 /* Test_LoginUITests.swift */ = {isa = PBXFileReference; lastKnownFileType = sourcecode.swift; path = Test_LoginUITests.swift; sourceTree = "<group>"; };
		9DB140D2249D99070063D098 /* Info.plist */ = {isa = PBXFileReference; lastKnownFileType = text.plist.xml; path = Info.plist; sourceTree = "<group>"; };
		9DB140DE249EE2250063D098 /* SignInViewController.swift */ = {isa = PBXFileReference; lastKnownFileType = sourcecode.swift; path = SignInViewController.swift; sourceTree = "<group>"; };
		9DB140E0249EF0300063D098 /* RegisterUserViewController.swift */ = {isa = PBXFileReference; lastKnownFileType = sourcecode.swift; path = RegisterUserViewController.swift; sourceTree = "<group>"; };
		9DB140E2249F4CC90063D098 /* HomePageViewController.swift */ = {isa = PBXFileReference; lastKnownFileType = sourcecode.swift; path = HomePageViewController.swift; sourceTree = "<group>"; };
		9DB140E424A33E580063D098 /* GoogleService-Info.plist */ = {isa = PBXFileReference; fileEncoding = 4; lastKnownFileType = text.plist.xml; name = "GoogleService-Info.plist"; path = "../../../Downloads/GoogleService-Info.plist"; sourceTree = "<group>"; };
		D86D9C90D7C77084070B6D38 /* Pods-Test Login.release.xcconfig */ = {isa = PBXFileReference; includeInIndex = 1; lastKnownFileType = text.xcconfig; name = "Pods-Test Login.release.xcconfig"; path = "Target Support Files/Pods-Test Login/Pods-Test Login.release.xcconfig"; sourceTree = "<group>"; };
		DB0A377EEBE8E2F004A6DC76 /* Pods_Test_LoginTests.framework */ = {isa = PBXFileReference; explicitFileType = wrapper.framework; includeInIndex = 0; path = Pods_Test_LoginTests.framework; sourceTree = BUILT_PRODUCTS_DIR; };
		E89E26B7721F714F533C1B6F /* Pods_Test_Login_Test_LoginUITests.framework */ = {isa = PBXFileReference; explicitFileType = wrapper.framework; includeInIndex = 0; path = Pods_Test_Login_Test_LoginUITests.framework; sourceTree = BUILT_PRODUCTS_DIR; };
		F41202916B295B699E22396A /* Pods-Test LoginTests.debug.xcconfig */ = {isa = PBXFileReference; includeInIndex = 1; lastKnownFileType = text.xcconfig; name = "Pods-Test LoginTests.debug.xcconfig"; path = "Target Support Files/Pods-Test LoginTests/Pods-Test LoginTests.debug.xcconfig"; sourceTree = "<group>"; };
/* End PBXFileReference section */

/* Begin PBXFrameworksBuildPhase section */
		9DB140A8249D99020063D098 /* Frameworks */ = {
			isa = PBXFrameworksBuildPhase;
			buildActionMask = 2147483647;
			files = (
				C392EC5293955F2FC7FF9CC1 /* Pods_Test_Login.framework in Frameworks */,
			);
			runOnlyForDeploymentPostprocessing = 0;
		};
		9DB140BE249D99070063D098 /* Frameworks */ = {
			isa = PBXFrameworksBuildPhase;
			buildActionMask = 2147483647;
			files = (
				74CE7C764109A71F81226975 /* Pods_Test_LoginTests.framework in Frameworks */,
			);
			runOnlyForDeploymentPostprocessing = 0;
		};
		9DB140C9249D99070063D098 /* Frameworks */ = {
			isa = PBXFrameworksBuildPhase;
			buildActionMask = 2147483647;
			files = (
				A4D7E7E6BC0F0E93510E6944 /* Pods_Test_Login_Test_LoginUITests.framework in Frameworks */,
			);
			runOnlyForDeploymentPostprocessing = 0;
		};
/* End PBXFrameworksBuildPhase section */

/* Begin PBXGroup section */
		1E1667ABA680ADCCB835A223 /* Pods */ = {
			isa = PBXGroup;
			children = (
				70771B5A5CC075E14AD3EF2E /* Pods-Test Login.debug.xcconfig */,
				D86D9C90D7C77084070B6D38 /* Pods-Test Login.release.xcconfig */,
				86CDB9A94F35374601D4A17F /* Pods-Test Login-Test LoginUITests.debug.xcconfig */,
				8C2110BF6E19DC797E03C2CF /* Pods-Test Login-Test LoginUITests.release.xcconfig */,
				F41202916B295B699E22396A /* Pods-Test LoginTests.debug.xcconfig */,
				2E23AE928CAACC4F62CA7A0A /* Pods-Test LoginTests.release.xcconfig */,
			);
			name = Pods;
			path = Pods;
			sourceTree = "<group>";
		};
		695E16AC9717FD5F5E1BA1FF /* Frameworks */ = {
			isa = PBXGroup;
			children = (
				608FA6071B28CE6BE1CDE9E8 /* Pods_Test_Login.framework */,
				E89E26B7721F714F533C1B6F /* Pods_Test_Login_Test_LoginUITests.framework */,
				DB0A377EEBE8E2F004A6DC76 /* Pods_Test_LoginTests.framework */,
			);
			name = Frameworks;
			sourceTree = "<group>";
		};
		9DB140A2249D99020063D098 = {
			isa = PBXGroup;
			children = (
				9DB140AD249D99020063D098 /* Test Login */,
				9DB140C4249D99070063D098 /* Test LoginTests */,
				9DB140CF249D99070063D098 /* Test LoginUITests */,
				9DB140AC249D99020063D098 /* Products */,
				1E1667ABA680ADCCB835A223 /* Pods */,
				695E16AC9717FD5F5E1BA1FF /* Frameworks */,
			);
			sourceTree = "<group>";
		};
		9DB140AC249D99020063D098 /* Products */ = {
			isa = PBXGroup;
			children = (
				9DB140AB249D99020063D098 /* Test Login.app */,
				9DB140C1249D99070063D098 /* Test LoginTests.xctest */,
				9DB140CC249D99070063D098 /* Test LoginUITests.xctest */,
			);
			name = Products;
			sourceTree = "<group>";
		};
		9DB140AD249D99020063D098 /* Test Login */ = {
			isa = PBXGroup;
			children = (
				9DB140AE249D99020063D098 /* AppDelegate.swift */,
				9DB140B0249D99020063D098 /* SceneDelegate.swift */,
				9DB140B2249D99020063D098 /* ViewController.swift */,
				9DB140B4249D99030063D098 /* Main.storyboard */,
				9DB140B7249D99070063D098 /* Assets.xcassets */,
				9DB140B9249D99070063D098 /* LaunchScreen.storyboard */,
				9DB140BC249D99070063D098 /* Info.plist */,
				9DB140DE249EE2250063D098 /* SignInViewController.swift */,
				9DB140E0249EF0300063D098 /* RegisterUserViewController.swift */,
				9DB140E2249F4CC90063D098 /* HomePageViewController.swift */,
				9DB140E424A33E580063D098 /* GoogleService-Info.plist */,
			);
			path = "Test Login";
			sourceTree = "<group>";
		};
		9DB140C4249D99070063D098 /* Test LoginTests */ = {
			isa = PBXGroup;
			children = (
				9DB140C5249D99070063D098 /* Test_LoginTests.swift */,
				9DB140C7249D99070063D098 /* Info.plist */,
			);
			path = "Test LoginTests";
			sourceTree = "<group>";
		};
		9DB140CF249D99070063D098 /* Test LoginUITests */ = {
			isa = PBXGroup;
			children = (
				9DB140D0249D99070063D098 /* Test_LoginUITests.swift */,
				9DB140D2249D99070063D098 /* Info.plist */,
			);
			path = "Test LoginUITests";
			sourceTree = "<group>";
		};
/* End PBXGroup section */

/* Begin PBXNativeTarget section */
		9DB140AA249D99020063D098 /* Test Login */ = {
			isa = PBXNativeTarget;
			buildConfigurationList = 9DB140D5249D99070063D098 /* Build configuration list for PBXNativeTarget "Test Login" */;
			buildPhases = (
				F4987813C66DBC14D26E5516 /* [CP] Check Pods Manifest.lock */,
				9DB140A7249D99020063D098 /* Sources */,
				9DB140A8249D99020063D098 /* Frameworks */,
				9DB140A9249D99020063D098 /* Resources */,
				234A9B4703142152D999C46F /* [CP] Embed Pods Frameworks */,
				DB315F1976D0C2A4D07B2914 /* [CP] Copy Pods Resources */,
			);
			buildRules = (
			);
			dependencies = (
			);
			name = "Test Login";
			productName = "Test Login";
			productReference = 9DB140AB249D99020063D098 /* Test Login.app */;
			productType = "com.apple.product-type.application";
		};
		9DB140C0249D99070063D098 /* Test LoginTests */ = {
			isa = PBXNativeTarget;
			buildConfigurationList = 9DB140D8249D99070063D098 /* Build configuration list for PBXNativeTarget "Test LoginTests" */;
			buildPhases = (
				74CB8115FE221DEBBC505525 /* [CP] Check Pods Manifest.lock */,
				9DB140BD249D99070063D098 /* Sources */,
				9DB140BE249D99070063D098 /* Frameworks */,
				9DB140BF249D99070063D098 /* Resources */,
			);
			buildRules = (
			);
			dependencies = (
				9DB140C3249D99070063D098 /* PBXTargetDependency */,
			);
			name = "Test LoginTests";
			productName = "Test LoginTests";
			productReference = 9DB140C1249D99070063D098 /* Test LoginTests.xctest */;
			productType = "com.apple.product-type.bundle.unit-test";
		};
		9DB140CB249D99070063D098 /* Test LoginUITests */ = {
			isa = PBXNativeTarget;
			buildConfigurationList = 9DB140DB249D99070063D098 /* Build configuration list for PBXNativeTarget "Test LoginUITests" */;
			buildPhases = (
				3BEDCFACFC70C63141292E51 /* [CP] Check Pods Manifest.lock */,
				9DB140C8249D99070063D098 /* Sources */,
				9DB140C9249D99070063D098 /* Frameworks */,
				9DB140CA249D99070063D098 /* Resources */,
				87E57A5B8DD795862528E6AB /* [CP] Embed Pods Frameworks */,
				53D7C101B5C294EB3DCEEE93 /* [CP] Copy Pods Resources */,
			);
			buildRules = (
			);
			dependencies = (
				9DB140CE249D99070063D098 /* PBXTargetDependency */,
			);
			name = "Test LoginUITests";
			productName = "Test LoginUITests";
			productReference = 9DB140CC249D99070063D098 /* Test LoginUITests.xctest */;
			productType = "com.apple.product-type.bundle.ui-testing";
		};
/* End PBXNativeTarget section */

/* Begin PBXProject section */
		9DB140A3249D99020063D098 /* Project object */ = {
			isa = PBXProject;
			attributes = {
				LastSwiftUpdateCheck = 1150;
				LastUpgradeCheck = 1150;
				ORGANIZATIONNAME = Allan;
				TargetAttributes = {
					9DB140AA249D99020063D098 = {
						CreatedOnToolsVersion = 11.5;
					};
					9DB140C0249D99070063D098 = {
						CreatedOnToolsVersion = 11.5;
						TestTargetID = 9DB140AA249D99020063D098;
					};
					9DB140CB249D99070063D098 = {
						CreatedOnToolsVersion = 11.5;
						TestTargetID = 9DB140AA249D99020063D098;
					};
				};
			};
			buildConfigurationList = 9DB140A6249D99020063D098 /* Build configuration list for PBXProject "Test Login" */;
			compatibilityVersion = "Xcode 9.3";
			developmentRegion = en;
			hasScannedForEncodings = 0;
			knownRegions = (
				en,
				Base,
			);
			mainGroup = 9DB140A2249D99020063D098;
			productRefGroup = 9DB140AC249D99020063D098 /* Products */;
			projectDirPath = "";
			projectRoot = "";
			targets = (
				9DB140AA249D99020063D098 /* Test Login */,
				9DB140C0249D99070063D098 /* Test LoginTests */,
				9DB140CB249D99070063D098 /* Test LoginUITests */,
			);
		};
/* End PBXProject section */

/* Begin PBXResourcesBuildPhase section */
		9DB140A9249D99020063D098 /* Resources */ = {
			isa = PBXResourcesBuildPhase;
			buildActionMask = 2147483647;
			files = (
				9DB140BB249D99070063D098 /* LaunchScreen.storyboard in Resources */,
				9DB140E524A33E590063D098 /* GoogleService-Info.plist in Resources */,
				9DB140B8249D99070063D098 /* Assets.xcassets in Resources */,
				9DB140B6249D99030063D098 /* Main.storyboard in Resources */,
			);
			runOnlyForDeploymentPostprocessing = 0;
		};
		9DB140BF249D99070063D098 /* Resources */ = {
			isa = PBXResourcesBuildPhase;
			buildActionMask = 2147483647;
			files = (
			);
			runOnlyForDeploymentPostprocessing = 0;
		};
		9DB140CA249D99070063D098 /* Resources */ = {
			isa = PBXResourcesBuildPhase;
			buildActionMask = 2147483647;
			files = (
			);
			runOnlyForDeploymentPostprocessing = 0;
		};
/* End PBXResourcesBuildPhase section */

/* Begin PBXShellScriptBuildPhase section */
		234A9B4703142152D999C46F /* [CP] Embed Pods Frameworks */ = {
			isa = PBXShellScriptBuildPhase;
			buildActionMask = 2147483647;
			files = (
			);
			inputFileListPaths = (
				"${PODS_ROOT}/Target Support Files/Pods-Test Login/Pods-Test Login-frameworks-${CONFIGURATION}-input-files.xcfilelist",
			);
			name = "[CP] Embed Pods Frameworks";
			outputFileListPaths = (
				"${PODS_ROOT}/Target Support Files/Pods-Test Login/Pods-Test Login-frameworks-${CONFIGURATION}-output-files.xcfilelist",
			);
			runOnlyForDeploymentPostprocessing = 0;
			shellPath = /bin/sh;
			shellScript = "\"${PODS_ROOT}/Target Support Files/Pods-Test Login/Pods-Test Login-frameworks.sh\"\n";
			showEnvVarsInLog = 0;
		};
		3BEDCFACFC70C63141292E51 /* [CP] Check Pods Manifest.lock */ = {
			isa = PBXShellScriptBuildPhase;
			buildActionMask = 2147483647;
			files = (
			);
			inputFileListPaths = (
			);
			inputPaths = (
				"${PODS_PODFILE_DIR_PATH}/Podfile.lock",
				"${PODS_ROOT}/Manifest.lock",
			);
			name = "[CP] Check Pods Manifest.lock";
			outputFileListPaths = (
			);
			outputPaths = (
				"$(DERIVED_FILE_DIR)/Pods-Test Login-Test LoginUITests-checkManifestLockResult.txt",
			);
			runOnlyForDeploymentPostprocessing = 0;
			shellPath = /bin/sh;
			shellScript = "diff \"${PODS_PODFILE_DIR_PATH}/Podfile.lock\" \"${PODS_ROOT}/Manifest.lock\" > /dev/null\nif [ $? != 0 ] ; then\n    # print error to STDERR\n    echo \"error: The sandbox is not in sync with the Podfile.lock. Run 'pod install' or update your CocoaPods installation.\" >&2\n    exit 1\nfi\n# This output is used by Xcode 'outputs' to avoid re-running this script phase.\necho \"SUCCESS\" > \"${SCRIPT_OUTPUT_FILE_0}\"\n";
			showEnvVarsInLog = 0;
		};
		53D7C101B5C294EB3DCEEE93 /* [CP] Copy Pods Resources */ = {
			isa = PBXShellScriptBuildPhase;
			buildActionMask = 2147483647;
			files = (
			);
			inputFileListPaths = (
				"${PODS_ROOT}/Target Support Files/Pods-Test Login-Test LoginUITests/Pods-Test Login-Test LoginUITests-resources-${CONFIGURATION}-input-files.xcfilelist",
			);
			name = "[CP] Copy Pods Resources";
			outputFileListPaths = (
				"${PODS_ROOT}/Target Support Files/Pods-Test Login-Test LoginUITests/Pods-Test Login-Test LoginUITests-resources-${CONFIGURATION}-output-files.xcfilelist",
			);
			runOnlyForDeploymentPostprocessing = 0;
			shellPath = /bin/sh;
			shellScript = "\"${PODS_ROOT}/Target Support Files/Pods-Test Login-Test LoginUITests/Pods-Test Login-Test LoginUITests-resources.sh\"\n";
			showEnvVarsInLog = 0;
		};
		74CB8115FE221DEBBC505525 /* [CP] Check Pods Manifest.lock */ = {
			isa = PBXShellScriptBuildPhase;
			buildActionMask = 2147483647;
			files = (
			);
			inputFileListPaths = (
			);
			inputPaths = (
				"${PODS_PODFILE_DIR_PATH}/Podfile.lock",
				"${PODS_ROOT}/Manifest.lock",
			);
			name = "[CP] Check Pods Manifest.lock";
			outputFileListPaths = (
			);
			outputPaths = (
				"$(DERIVED_FILE_DIR)/Pods-Test LoginTests-checkManifestLockResult.txt",
			);
			runOnlyForDeploymentPostprocessing = 0;
			shellPath = /bin/sh;
			shellScript = "diff \"${PODS_PODFILE_DIR_PATH}/Podfile.lock\" \"${PODS_ROOT}/Manifest.lock\" > /dev/null\nif [ $? != 0 ] ; then\n    # print error to STDERR\n    echo \"error: The sandbox is not in sync with the Podfile.lock. Run 'pod install' or update your CocoaPods installation.\" >&2\n    exit 1\nfi\n# This output is used by Xcode 'outputs' to avoid re-running this script phase.\necho \"SUCCESS\" > \"${SCRIPT_OUTPUT_FILE_0}\"\n";
			showEnvVarsInLog = 0;
		};
		87E57A5B8DD795862528E6AB /* [CP] Embed Pods Frameworks */ = {
			isa = PBXShellScriptBuildPhase;
			buildActionMask = 2147483647;
			files = (
			);
			inputFileListPaths = (
				"${PODS_ROOT}/Target Support Files/Pods-Test Login-Test LoginUITests/Pods-Test Login-Test LoginUITests-frameworks-${CONFIGURATION}-input-files.xcfilelist",
			);
			name = "[CP] Embed Pods Frameworks";
			outputFileListPaths = (
				"${PODS_ROOT}/Target Support Files/Pods-Test Login-Test LoginUITests/Pods-Test Login-Test LoginUITests-frameworks-${CONFIGURATION}-output-files.xcfilelist",
			);
			runOnlyForDeploymentPostprocessing = 0;
			shellPath = /bin/sh;
			shellScript = "\"${PODS_ROOT}/Target Support Files/Pods-Test Login-Test LoginUITests/Pods-Test Login-Test LoginUITests-frameworks.sh\"\n";
			showEnvVarsInLog = 0;
		};
		DB315F1976D0C2A4D07B2914 /* [CP] Copy Pods Resources */ = {
			isa = PBXShellScriptBuildPhase;
			buildActionMask = 2147483647;
			files = (
			);
			inputFileListPaths = (
				"${PODS_ROOT}/Target Support Files/Pods-Test Login/Pods-Test Login-resources-${CONFIGURATION}-input-files.xcfilelist",
			);
			name = "[CP] Copy Pods Resources";
			outputFileListPaths = (
				"${PODS_ROOT}/Target Support Files/Pods-Test Login/Pods-Test Login-resources-${CONFIGURATION}-output-files.xcfilelist",
			);
			runOnlyForDeploymentPostprocessing = 0;
			shellPath = /bin/sh;
			shellScript = "\"${PODS_ROOT}/Target Support Files/Pods-Test Login/Pods-Test Login-resources.sh\"\n";
			showEnvVarsInLog = 0;
		};
		F4987813C66DBC14D26E5516 /* [CP] Check Pods Manifest.lock */ = {
			isa = PBXShellScriptBuildPhase;
			buildActionMask = 2147483647;
			files = (
			);
			inputFileListPaths = (
			);
			inputPaths = (
				"${PODS_PODFILE_DIR_PATH}/Podfile.lock",
				"${PODS_ROOT}/Manifest.lock",
			);
			name = "[CP] Check Pods Manifest.lock";
			outputFileListPaths = (
			);
			outputPaths = (
				"$(DERIVED_FILE_DIR)/Pods-Test Login-checkManifestLockResult.txt",
			);
			runOnlyForDeploymentPostprocessing = 0;
			shellPath = /bin/sh;
			shellScript = "diff \"${PODS_PODFILE_DIR_PATH}/Podfile.lock\" \"${PODS_ROOT}/Manifest.lock\" > /dev/null\nif [ $? != 0 ] ; then\n    # print error to STDERR\n    echo \"error: The sandbox is not in sync with the Podfile.lock. Run 'pod install' or update your CocoaPods installation.\" >&2\n    exit 1\nfi\n# This output is used by Xcode 'outputs' to avoid re-running this script phase.\necho \"SUCCESS\" > \"${SCRIPT_OUTPUT_FILE_0}\"\n";
			showEnvVarsInLog = 0;
		};
/* End PBXShellScriptBuildPhase section */

/* Begin PBXSourcesBuildPhase section */
		9DB140A7249D99020063D098 /* Sources */ = {
			isa = PBXSourcesBuildPhase;
			buildActionMask = 2147483647;
			files = (
				9DB140E1249EF0300063D098 /* RegisterUserViewController.swift in Sources */,
				9DB140DF249EE2250063D098 /* SignInViewController.swift in Sources */,
				9DB140E3249F4CC90063D098 /* HomePageViewController.swift in Sources */,
				9DB140B3249D99020063D098 /* ViewController.swift in Sources */,
				9DB140AF249D99020063D098 /* AppDelegate.swift in Sources */,
				9DB140B1249D99020063D098 /* SceneDelegate.swift in Sources */,
			);
			runOnlyForDeploymentPostprocessing = 0;
		};
		9DB140BD249D99070063D098 /* Sources */ = {
			isa = PBXSourcesBuildPhase;
			buildActionMask = 2147483647;
			files = (
				9DB140C6249D99070063D098 /* Test_LoginTests.swift in Sources */,
			);
			runOnlyForDeploymentPostprocessing = 0;
		};
		9DB140C8249D99070063D098 /* Sources */ = {
			isa = PBXSourcesBuildPhase;
			buildActionMask = 2147483647;
			files = (
				9DB140D1249D99070063D098 /* Test_LoginUITests.swift in Sources */,
			);
			runOnlyForDeploymentPostprocessing = 0;
		};
/* End PBXSourcesBuildPhase section */

/* Begin PBXTargetDependency section */
		9DB140C3249D99070063D098 /* PBXTargetDependency */ = {
			isa = PBXTargetDependency;
			target = 9DB140AA249D99020063D098 /* Test Login */;
			targetProxy = 9DB140C2249D99070063D098 /* PBXContainerItemProxy */;
		};
		9DB140CE249D99070063D098 /* PBXTargetDependency */ = {
			isa = PBXTargetDependency;
			target = 9DB140AA249D99020063D098 /* Test Login */;
			targetProxy = 9DB140CD249D99070063D098 /* PBXContainerItemProxy */;
		};
/* End PBXTargetDependency section */

/* Begin PBXVariantGroup section */
		9DB140B4249D99030063D098 /* Main.storyboard */ = {
			isa = PBXVariantGroup;
			children = (
				9DB140B5249D99030063D098 /* Base */,
			);
			name = Main.storyboard;
			sourceTree = "<group>";
		};
		9DB140B9249D99070063D098 /* LaunchScreen.storyboard */ = {
			isa = PBXVariantGroup;
			children = (
				9DB140BA249D99070063D098 /* Base */,
			);
			name = LaunchScreen.storyboard;
			sourceTree = "<group>";
		};
/* End PBXVariantGroup section */

/* Begin XCBuildConfiguration section */
		9DB140D3249D99070063D098 /* Debug */ = {
			isa = XCBuildConfiguration;
			buildSettings = {
				ALWAYS_SEARCH_USER_PATHS = NO;
				CLANG_ANALYZER_NONNULL = YES;
				CLANG_ANALYZER_NUMBER_OBJECT_CONVERSION = YES_AGGRESSIVE;
				CLANG_CXX_LANGUAGE_STANDARD = "gnu++14";
				CLANG_CXX_LIBRARY = "libc++";
				CLANG_ENABLE_MODULES = YES;
				CLANG_ENABLE_OBJC_ARC = YES;
				CLANG_ENABLE_OBJC_WEAK = YES;
				CLANG_WARN_BLOCK_CAPTURE_AUTORELEASING = YES;
				CLANG_WARN_BOOL_CONVERSION = YES;
				CLANG_WARN_COMMA = YES;
				CLANG_WARN_CONSTANT_CONVERSION = YES;
				CLANG_WARN_DEPRECATED_OBJC_IMPLEMENTATIONS = YES;
				CLANG_WARN_DIRECT_OBJC_ISA_USAGE = YES_ERROR;
				CLANG_WARN_DOCUMENTATION_COMMENTS = YES;
				CLANG_WARN_EMPTY_BODY = YES;
				CLANG_WARN_ENUM_CONVERSION = YES;
				CLANG_WARN_INFINITE_RECURSION = YES;
				CLANG_WARN_INT_CONVERSION = YES;
				CLANG_WARN_NON_LITERAL_NULL_CONVERSION = YES;
				CLANG_WARN_OBJC_IMPLICIT_RETAIN_SELF = YES;
				CLANG_WARN_OBJC_LITERAL_CONVERSION = YES;
				CLANG_WARN_OBJC_ROOT_CLASS = YES_ERROR;
				CLANG_WARN_RANGE_LOOP_ANALYSIS = YES;
				CLANG_WARN_STRICT_PROTOTYPES = YES;
				CLANG_WARN_SUSPICIOUS_MOVE = YES;
				CLANG_WARN_UNGUARDED_AVAILABILITY = YES_AGGRESSIVE;
				CLANG_WARN_UNREACHABLE_CODE = YES;
				CLANG_WARN__DUPLICATE_METHOD_MATCH = YES;
				COPY_PHASE_STRIP = NO;
				DEBUG_INFORMATION_FORMAT = dwarf;
				ENABLE_STRICT_OBJC_MSGSEND = YES;
				ENABLE_TESTABILITY = YES;
				GCC_C_LANGUAGE_STANDARD = gnu11;
				GCC_DYNAMIC_NO_PIC = NO;
				GCC_NO_COMMON_BLOCKS = YES;
				GCC_OPTIMIZATION_LEVEL = 0;
				GCC_PREPROCESSOR_DEFINITIONS = (
					"DEBUG=1",
					"$(inherited)",
				);
				GCC_WARN_64_TO_32_BIT_CONVERSION = YES;
				GCC_WARN_ABOUT_RETURN_TYPE = YES_ERROR;
				GCC_WARN_UNDECLARED_SELECTOR = YES;
				GCC_WARN_UNINITIALIZED_AUTOS = YES_AGGRESSIVE;
				GCC_WARN_UNUSED_FUNCTION = YES;
				GCC_WARN_UNUSED_VARIABLE = YES;
				IPHONEOS_DEPLOYMENT_TARGET = 13.5;
				MTL_ENABLE_DEBUG_INFO = INCLUDE_SOURCE;
				MTL_FAST_MATH = YES;
				ONLY_ACTIVE_ARCH = YES;
				SDKROOT = iphoneos;
				SWIFT_ACTIVE_COMPILATION_CONDITIONS = DEBUG;
				SWIFT_OPTIMIZATION_LEVEL = "-Onone";
			};
			name = Debug;
		};
		9DB140D4249D99070063D098 /* Release */ = {
			isa = XCBuildConfiguration;
			buildSettings = {
				ALWAYS_SEARCH_USER_PATHS = NO;
				CLANG_ANALYZER_NONNULL = YES;
				CLANG_ANALYZER_NUMBER_OBJECT_CONVERSION = YES_AGGRESSIVE;
				CLANG_CXX_LANGUAGE_STANDARD = "gnu++14";
				CLANG_CXX_LIBRARY = "libc++";
				CLANG_ENABLE_MODULES = YES;
				CLANG_ENABLE_OBJC_ARC = YES;
				CLANG_ENABLE_OBJC_WEAK = YES;
				CLANG_WARN_BLOCK_CAPTURE_AUTORELEASING = YES;
				CLANG_WARN_BOOL_CONVERSION = YES;
				CLANG_WARN_COMMA = YES;
				CLANG_WARN_CONSTANT_CONVERSION = YES;
				CLANG_WARN_DEPRECATED_OBJC_IMPLEMENTATIONS = YES;
				CLANG_WARN_DIRECT_OBJC_ISA_USAGE = YES_ERROR;
				CLANG_WARN_DOCUMENTATION_COMMENTS = YES;
				CLANG_WARN_EMPTY_BODY = YES;
				CLANG_WARN_ENUM_CONVERSION = YES;
				CLANG_WARN_INFINITE_RECURSION = YES;
				CLANG_WARN_INT_CONVERSION = YES;
				CLANG_WARN_NON_LITERAL_NULL_CONVERSION = YES;
				CLANG_WARN_OBJC_IMPLICIT_RETAIN_SELF = YES;
				CLANG_WARN_OBJC_LITERAL_CONVERSION = YES;
				CLANG_WARN_OBJC_ROOT_CLASS = YES_ERROR;
				CLANG_WARN_RANGE_LOOP_ANALYSIS = YES;
				CLANG_WARN_STRICT_PROTOTYPES = YES;
				CLANG_WARN_SUSPICIOUS_MOVE = YES;
				CLANG_WARN_UNGUARDED_AVAILABILITY = YES_AGGRESSIVE;
				CLANG_WARN_UNREACHABLE_CODE = YES;
				CLANG_WARN__DUPLICATE_METHOD_MATCH = YES;
				COPY_PHASE_STRIP = NO;
				DEBUG_INFORMATION_FORMAT = "dwarf-with-dsym";
				ENABLE_NS_ASSERTIONS = NO;
				ENABLE_STRICT_OBJC_MSGSEND = YES;
				GCC_C_LANGUAGE_STANDARD = gnu11;
				GCC_NO_COMMON_BLOCKS = YES;
				GCC_WARN_64_TO_32_BIT_CONVERSION = YES;
				GCC_WARN_ABOUT_RETURN_TYPE = YES_ERROR;
				GCC_WARN_UNDECLARED_SELECTOR = YES;
				GCC_WARN_UNINITIALIZED_AUTOS = YES_AGGRESSIVE;
				GCC_WARN_UNUSED_FUNCTION = YES;
				GCC_WARN_UNUSED_VARIABLE = YES;
				IPHONEOS_DEPLOYMENT_TARGET = 13.5;
				MTL_ENABLE_DEBUG_INFO = NO;
				MTL_FAST_MATH = YES;
				SDKROOT = iphoneos;
				SWIFT_COMPILATION_MODE = wholemodule;
				SWIFT_OPTIMIZATION_LEVEL = "-O";
				VALIDATE_PRODUCT = YES;
			};
			name = Release;
		};
		9DB140D6249D99070063D098 /* Debug */ = {
			isa = XCBuildConfiguration;
			baseConfigurationReference = 70771B5A5CC075E14AD3EF2E /* Pods-Test Login.debug.xcconfig */;
			buildSettings = {
				ASSETCATALOG_COMPILER_APPICON_NAME = AppIcon;
				CODE_SIGN_STYLE = Automatic;
				INFOPLIST_FILE = "Test Login/Info.plist";
				LD_RUNPATH_SEARCH_PATHS = (
					"$(inherited)",
					"@executable_path/Frameworks",
				);
				PRODUCT_BUNDLE_IDENTIFIER = "Allan.Test-Login";
				PRODUCT_NAME = "$(TARGET_NAME)";
				SWIFT_VERSION = 5.0;
				TARGETED_DEVICE_FAMILY = "1,2";
			};
			name = Debug;
		};
		9DB140D7249D99070063D098 /* Release */ = {
			isa = XCBuildConfiguration;
			baseConfigurationReference = D86D9C90D7C77084070B6D38 /* Pods-Test Login.release.xcconfig */;
			buildSettings = {
				ASSETCATALOG_COMPILER_APPICON_NAME = AppIcon;
				CODE_SIGN_STYLE = Automatic;
				INFOPLIST_FILE = "Test Login/Info.plist";
				LD_RUNPATH_SEARCH_PATHS = (
					"$(inherited)",
					"@executable_path/Frameworks",
				);
				PRODUCT_BUNDLE_IDENTIFIER = "Allan.Test-Login";
				PRODUCT_NAME = "$(TARGET_NAME)";
				SWIFT_VERSION = 5.0;
				TARGETED_DEVICE_FAMILY = "1,2";
			};
			name = Release;
		};
		9DB140D9249D99070063D098 /* Debug */ = {
			isa = XCBuildConfiguration;
			baseConfigurationReference = F41202916B295B699E22396A /* Pods-Test LoginTests.debug.xcconfig */;
			buildSettings = {
				ALWAYS_EMBED_SWIFT_STANDARD_LIBRARIES = YES;
				BUNDLE_LOADER = "$(TEST_HOST)";
				CODE_SIGN_STYLE = Automatic;
				INFOPLIST_FILE = "Test LoginTests/Info.plist";
				IPHONEOS_DEPLOYMENT_TARGET = 13.5;
				LD_RUNPATH_SEARCH_PATHS = (
					"$(inherited)",
					"@executable_path/Frameworks",
					"@loader_path/Frameworks",
				);
				PRODUCT_BUNDLE_IDENTIFIER = "Allan.Test-LoginTests";
				PRODUCT_NAME = "$(TARGET_NAME)";
				SWIFT_VERSION = 5.0;
				TARGETED_DEVICE_FAMILY = "1,2";
				TEST_HOST = "$(BUILT_PRODUCTS_DIR)/Test Login.app/Test Login";
			};
			name = Debug;
		};
		9DB140DA249D99070063D098 /* Release */ = {
			isa = XCBuildConfiguration;
			baseConfigurationReference = 2E23AE928CAACC4F62CA7A0A /* Pods-Test LoginTests.release.xcconfig */;
			buildSettings = {
				ALWAYS_EMBED_SWIFT_STANDARD_LIBRARIES = YES;
				BUNDLE_LOADER = "$(TEST_HOST)";
				CODE_SIGN_STYLE = Automatic;
				INFOPLIST_FILE = "Test LoginTests/Info.plist";
				IPHONEOS_DEPLOYMENT_TARGET = 13.5;
				LD_RUNPATH_SEARCH_PATHS = (
					"$(inherited)",
					"@executable_path/Frameworks",
					"@loader_path/Frameworks",
				);
				PRODUCT_BUNDLE_IDENTIFIER = "Allan.Test-LoginTests";
				PRODUCT_NAME = "$(TARGET_NAME)";
				SWIFT_VERSION = 5.0;
				TARGETED_DEVICE_FAMILY = "1,2";
				TEST_HOST = "$(BUILT_PRODUCTS_DIR)/Test Login.app/Test Login";
			};
			name = Release;
		};
		9DB140DC249D99070063D098 /* Debug */ = {
			isa = XCBuildConfiguration;
			baseConfigurationReference = 86CDB9A94F35374601D4A17F /* Pods-Test Login-Test LoginUITests.debug.xcconfig */;
			buildSettings = {
				ALWAYS_EMBED_SWIFT_STANDARD_LIBRARIES = YES;
				CODE_SIGN_STYLE = Automatic;
				INFOPLIST_FILE = "Test LoginUITests/Info.plist";
				LD_RUNPATH_SEARCH_PATHS = (
					"$(inherited)",
					"@executable_path/Frameworks",
					"@loader_path/Frameworks",
				);
				PRODUCT_BUNDLE_IDENTIFIER = "Allan.Test-LoginUITests";
				PRODUCT_NAME = "$(TARGET_NAME)";
				SWIFT_VERSION = 5.0;
				TARGETED_DEVICE_FAMILY = "1,2";
				TEST_TARGET_NAME = "Test Login";
			};
			name = Debug;
		};
		9DB140DD249D99070063D098 /* Release */ = {
			isa = XCBuildConfiguration;
			baseConfigurationReference = 8C2110BF6E19DC797E03C2CF /* Pods-Test Login-Test LoginUITests.release.xcconfig */;
			buildSettings = {
				ALWAYS_EMBED_SWIFT_STANDARD_LIBRARIES = YES;
				CODE_SIGN_STYLE = Automatic;
				INFOPLIST_FILE = "Test LoginUITests/Info.plist";
				LD_RUNPATH_SEARCH_PATHS = (
					"$(inherited)",
					"@executable_path/Frameworks",
					"@loader_path/Frameworks",
				);
				PRODUCT_BUNDLE_IDENTIFIER = "Allan.Test-LoginUITests";
				PRODUCT_NAME = "$(TARGET_NAME)";
				SWIFT_VERSION = 5.0;
				TARGETED_DEVICE_FAMILY = "1,2";
				TEST_TARGET_NAME = "Test Login";
			};
			name = Release;
		};
/* End XCBuildConfiguration section */

/* Begin XCConfigurationList section */
		9DB140A6249D99020063D098 /* Build configuration list for PBXProject "Test Login" */ = {
			isa = XCConfigurationList;
			buildConfigurations = (
				9DB140D3249D99070063D098 /* Debug */,
				9DB140D4249D99070063D098 /* Release */,
			);
			defaultConfigurationIsVisible = 0;
			defaultConfigurationName = Release;
		};
		9DB140D5249D99070063D098 /* Build configuration list for PBXNativeTarget "Test Login" */ = {
			isa = XCConfigurationList;
			buildConfigurations = (
				9DB140D6249D99070063D098 /* Debug */,
				9DB140D7249D99070063D098 /* Release */,
			);
			defaultConfigurationIsVisible = 0;
			defaultConfigurationName = Release;
		};
		9DB140D8249D99070063D098 /* Build configuration list for PBXNativeTarget "Test LoginTests" */ = {
			isa = XCConfigurationList;
			buildConfigurations = (
				9DB140D9249D99070063D098 /* Debug */,
				9DB140DA249D99070063D098 /* Release */,
			);
			defaultConfigurationIsVisible = 0;
			defaultConfigurationName = Release;
		};
		9DB140DB249D99070063D098 /* Build configuration list for PBXNativeTarget "Test LoginUITests" */ = {
			isa = XCConfigurationList;
			buildConfigurations = (
				9DB140DC249D99070063D098 /* Debug */,
				9DB140DD249D99070063D098 /* Release */,
			);
			defaultConfigurationIsVisible = 0;
			defaultConfigurationName = Release;
		};
/* End XCConfigurationList section */
	};
	rootObject = 9DB140A3249D99020063D098 /* Project object */;
}
